
Microsoft Visual Studio Solution File, Format Version 12.00
# Visual Studio 15
VisualStudioVersion = 15.0.28307.2092
MinimumVisualStudioVersion = 10.0.40219.1
Project("{FAE04EC0-301F-11D3-BF4B-00C04F79EFBC}") = "CER1-VictorianoJaime", "CER1-VictorianoJaime\CER1-VictorianoJaime.csproj", "{56601B35-6A6B-44D0-ACFA-907FCF5F3ED5}"
EndProject
Project("{FAE04EC0-301F-11D3-BF4B-00C04F79EFBC}") = "BLL", "BLL\BLL.csproj", "{0A365588-A52D-408D-BEE5-941534B5A922}"
EndProject
Project("{FAE04EC0-301F-11D3-BF4B-00C04F79EFBC}") = "Data", "Data\Data.csproj", "{863868D7-6D41-48C3-B856-7B97372B04A7}"
EndProject
Global
	GlobalSection(SolutionConfigurationPlatforms) = preSolution
		Debug|Any CPU = Debug|Any CPU
		Release|Any CPU = Release|Any CPU
	EndGlobalSection
	GlobalSection(ProjectConfigurationPlatforms) = postSolution
		{56601B35-6A6B-44D0-ACFA-907FCF5F3ED5}.Debug|Any CPU.ActiveCfg = Debug|Any CPU
		{56601B35-6A6B-44D0-ACFA-907FCF5F3ED5}.Debug|Any CPU.Build.0 = Debug|Any CPU
		{56601B35-6A6B-44D0-ACFA-907FCF5F3ED5}.Release|Any CPU.ActiveCfg = Release|Any CPU
		{56601B35-6A6B-44D0-ACFA-907FCF5F3ED5}.Release|Any CPU.Build.0 = Release|Any CPU
		{0A365588-A52D-408D-BEE5-941534B5A922}.Debug|Any CPU.ActiveCfg = Debug|Any CPU
		{0A365588-A52D-408D-BEE5-941534B5A922}.Debug|Any CPU.Build.0 = Debug|Any CPU
		{0A365588-A52D-408D-BEE5-941534B5A922}.Release|Any CPU.ActiveCfg = Release|Any CPU
		{0A365588-A52D-408D-BEE5-941534B5A922}.Release|Any CPU.Build.0 = Release|Any CPU
		{863868D7-6D41-48C3-B856-7B97372B04A7}.Debug|Any CPU.ActiveCfg = Debug|Any CPU
		{863868D7-6D41-48C3-B856-7B97372B04A7}.Debug|Any CPU.Build.0 = Debug|Any CPU
		{863868D7-6D41-48C3-B856-7B97372B04A7}.Release|Any CPU.ActiveCfg = Release|Any CPU
		{863868D7-6D41-48C3-B856-7B97372B04A7}.Release|Any CPU.Build.0 = Release|Any CPU
	EndGlobalSection
	GlobalSection(SolutionProperties) = preSolution
		HideSolutionNode = FALSE
	EndGlobalSection
	GlobalSection(ExtensibilityGlobals) = postSolution
		SolutionGuid = {C12A2321-EB9B-4271-AD7A-5D0AA4103B87}
	EndGlobalSection
EndGlobal
